
Microsoft Visual Studio Solution File, Format Version 12.00
# Visual Studio Version 17
VisualStudioVersion = 17.10.35027.167
MinimumVisualStudioVersion = 10.0.40219.1
Project("{FAE04EC0-301F-11D3-BF4B-00C04F79EFBC}") = "GenerativeAIApp", "GenerativeAIApp.csproj", "{B656DB8E-7770-4D49-A5D8-CA69DBFCB40C}"
EndProject
Global
	GlobalSection(SolutionConfigurationPlatforms) = preSolution
		Debug|Any CPU = Debug|Any CPU
		Release|Any CPU = Release|Any CPU
	EndGlobalSection
	GlobalSection(ProjectConfigurationPlatforms) = postSolution
		{B656DB8E-7770-4D49-A5D8-CA69DBFCB40C}.Debug|Any CPU.ActiveCfg = Debug|Any CPU
		{B656DB8E-7770-4D49-A5D8-CA69DBFCB40C}.Debug|Any CPU.Build.0 = Debug|Any CPU
		{B656DB8E-7770-4D49-A5D8-CA69DBFCB40C}.Release|Any CPU.ActiveCfg = Release|Any CPU
		{B656DB8E-7770-4D49-A5D8-CA69DBFCB40C}.Release|Any CPU.Build.0 = Release|Any CPU
	EndGlobalSection
	GlobalSection(SolutionProperties) = preSolution
		HideSolutionNode = FALSE
	EndGlobalSection
	GlobalSection(ExtensibilityGlobals) = postSolution
		SolutionGuid = {2A7976D9-8C94-4409-ABFB-74B17D4119D2}
	EndGlobalSection
EndGlobal
